// !$*UTF8*$!
{
	archiveVersion = 1;
	classes = {
	};
	objectVersion = 46;
	objects = {

/* Begin PBXBuildFile section */
		2226F2E41C0B6B9C009B0AE0 /* AppDelegate.swift in Sources */ = {isa = PBXBuildFile; fileRef = 2226F2E31C0B6B9C009B0AE0 /* AppDelegate.swift */; };
		2226F2E61C0B6B9C009B0AE0 /* ViewController.swift in Sources */ = {isa = PBXBuildFile; fileRef = 2226F2E51C0B6B9C009B0AE0 /* ViewController.swift */; };
		2226F2E91C0B6B9C009B0AE0 /* Main.storyboard in Resources */ = {isa = PBXBuildFile; fileRef = 2226F2E71C0B6B9C009B0AE0 /* Main.storyboard */; };
		2226F2EB1C0B6B9C009B0AE0 /* Assets.xcassets in Resources */ = {isa = PBXBuildFile; fileRef = 2226F2EA1C0B6B9C009B0AE0 /* Assets.xcassets */; };
		2226F2EE1C0B6B9C009B0AE0 /* LaunchScreen.storyboard in Resources */ = {isa = PBXBuildFile; fileRef = 2226F2EC1C0B6B9C009B0AE0 /* LaunchScreen.storyboard */; };
		2226F2F61C0B6D0D009B0AE0 /* SpanglishCVC.swift in Sources */ = {isa = PBXBuildFile; fileRef = 2226F2F51C0B6D0D009B0AE0 /* SpanglishCVC.swift */; };
		2226F2F81C0B6E51009B0AE0 /* CoverVC.swift in Sources */ = {isa = PBXBuildFile; fileRef = 2226F2F71C0B6E51009B0AE0 /* CoverVC.swift */; };
		2226F3081C0BBECA009B0AE0 /* PageItemController.swift in Sources */ = {isa = PBXBuildFile; fileRef = 2226F3071C0BBECA009B0AE0 /* PageItemController.swift */; };
		226073E41C13C780004BD379 /* Mahiz.mp3 in Resources */ = {isa = PBXBuildFile; fileRef = 226073CC1C13C780004BD379 /* Mahiz.mp3 */; };
		226073E61C13C780004BD379 /* Circles.mp3 in Resources */ = {isa = PBXBuildFile; fileRef = 226073CE1C13C780004BD379 /* Circles.mp3 */; };
		226073E71C13C780004BD379 /* Chilli.mp3 in Resources */ = {isa = PBXBuildFile; fileRef = 226073CF1C13C780004BD379 /* Chilli.mp3 */; };
		226073E81C13C780004BD379 /* Triangle.mp3 in Resources */ = {isa = PBXBuildFile; fileRef = 226073D01C13C780004BD379 /* Triangle.mp3 */; };
		226073E91C13C780004BD379 /* Tomatl.mp3 in Resources */ = {isa = PBXBuildFile; fileRef = 226073D11C13C780004BD379 /* Tomatl.mp3 */; };
		226073EA1C13C780004BD379 /* Ahuacatl.mp3 in Resources */ = {isa = PBXBuildFile; fileRef = 226073D21C13C780004BD379 /* Ahuacatl.mp3 */; };
		226073EB1C13C780004BD379 /* Teardrop.mp3 in Resources */ = {isa = PBXBuildFile; fileRef = 226073D31C13C780004BD379 /* Teardrop.mp3 */; };
		226073EC1C13C780004BD379 /* Pear.mp3 in Resources */ = {isa = PBXBuildFile; fileRef = 226073D41C13C780004BD379 /* Pear.mp3 */; };
		226073ED1C13C780004BD379 /* Chia.mp3 in Resources */ = {isa = PBXBuildFile; fileRef = 226073D51C13C780004BD379 /* Chia.mp3 */; };
		226073EE1C13C780004BD379 /* Seed.mp3 in Resources */ = {isa = PBXBuildFile; fileRef = 226073D61C13C780004BD379 /* Seed.mp3 */; };
		226073EF1C13C780004BD379 /* Nopalli.mp3 in Resources */ = {isa = PBXBuildFile; fileRef = 226073D71C13C780004BD379 /* Nopalli.mp3 */; };
		226073F01C13C780004BD379 /* Asterisk.mp3 in Resources */ = {isa = PBXBuildFile; fileRef = 226073D81C13C780004BD379 /* Asterisk.mp3 */; };
		226073F11C13C780004BD379 /* Tamalli.mp3 in Resources */ = {isa = PBXBuildFile; fileRef = 226073D91C13C780004BD379 /* Tamalli.mp3 */; };
		226073F21C13C780004BD379 /* Ribbed.mp3 in Resources */ = {isa = PBXBuildFile; fileRef = 226073DA1C13C780004BD379 /* Ribbed.mp3 */; };
		226073F31C13C780004BD379 /* Kernel.mp3 in Resources */ = {isa = PBXBuildFile; fileRef = 226073DB1C13C780004BD379 /* Kernel.mp3 */; };
		226073F41C13C780004BD379 /* Mesquite2.mp3 in Resources */ = {isa = PBXBuildFile; fileRef = 226073DC1C13C780004BD379 /* Mesquite2.mp3 */; };
		226073F51C13C780004BD379 /* Mesquite.mp3 in Resources */ = {isa = PBXBuildFile; fileRef = 226073DD1C13C780004BD379 /* Mesquite.mp3 */; };
		226073F61C13C780004BD379 /* Xocolatl.mp3 in Resources */ = {isa = PBXBuildFile; fileRef = 226073DE1C13C780004BD379 /* Xocolatl.mp3 */; };
		226073F71C13C780004BD379 /* Star.mp3 in Resources */ = {isa = PBXBuildFile; fileRef = 226073DF1C13C780004BD379 /* Star.mp3 */; };
		226073F81C13C780004BD379 /* Cacao.mp3 in Resources */ = {isa = PBXBuildFile; fileRef = 226073E01C13C780004BD379 /* Cacao.mp3 */; };
		226073F91C13C780004BD379 /* Bean.mp3 in Resources */ = {isa = PBXBuildFile; fileRef = 226073E11C13C780004BD379 /* Bean.mp3 */; };
		226073FA1C13C780004BD379 /* Spanglishuatl.mp3 in Resources */ = {isa = PBXBuildFile; fileRef = 226073E21C13C780004BD379 /* Spanglishuatl.mp3 */; };
		226073FB1C13C780004BD379 /* Blank.mp3 in Resources */ = {isa = PBXBuildFile; fileRef = 226073E31C13C780004BD379 /* Blank.mp3 */; };
		229A86121C13817500C8A483 /* myPagesArray.swift in Sources */ = {isa = PBXBuildFile; fileRef = 229A86111C13817500C8A483 /* myPagesArray.swift */; };
		22B9371F1C10F6B400F7DD05 /* GalleryItemVC.swift in Sources */ = {isa = PBXBuildFile; fileRef = 22B9371E1C10F6B400F7DD05 /* GalleryItemVC.swift */; };
		22BEBE5F1C1542ED004BA652 /* Chian.mp3 in Resources */ = {isa = PBXBuildFile; fileRef = 22BEBE5E1C1542ED004BA652 /* Chian.mp3 */; };
		22BEBE611C1543A8004BA652 /* Reuleaux Triangle.mp3 in Resources */ = {isa = PBXBuildFile; fileRef = 22BEBE601C1543A8004BA652 /* Reuleaux Triangle.mp3 */; };
		22BEBE631C154D6A004BA652 /* Cord.mp3 in Resources */ = {isa = PBXBuildFile; fileRef = 22BEBE621C154D6A004BA652 /* Cord.mp3 */; };
		22BEBE651C154D7E004BA652 /* Ahuacamolli.mp3 in Resources */ = {isa = PBXBuildFile; fileRef = 22BEBE641C154D7E004BA652 /* Ahuacamolli.mp3 */; };
/* End PBXBuildFile section */

/* Begin PBXFileReference section */
		2226F2E01C0B6B9C009B0AE0 /* Spanglishautl App.app */ = {isa = PBXFileReference; explicitFileType = wrapper.application; includeInIndex = 0; path = "Spanglishautl App.app"; sourceTree = BUILT_PRODUCTS_DIR; };
		2226F2E31C0B6B9C009B0AE0 /* AppDelegate.swift */ = {isa = PBXFileReference; lastKnownFileType = sourcecode.swift; path = AppDelegate.swift; sourceTree = "<group>"; };
		2226F2E51C0B6B9C009B0AE0 /* ViewController.swift */ = {isa = PBXFileReference; lastKnownFileType = sourcecode.swift; path = ViewController.swift; sourceTree = "<group>"; };
		2226F2E81C0B6B9C009B0AE0 /* Base */ = {isa = PBXFileReference; lastKnownFileType = file.storyboard; name = Base; path = Base.lproj/Main.storyboard; sourceTree = "<group>"; };
		2226F2EA1C0B6B9C009B0AE0 /* Assets.xcassets */ = {isa = PBXFileReference; lastKnownFileType = folder.assetcatalog; path = Assets.xcassets; sourceTree = "<group>"; };
		2226F2ED1C0B6B9C009B0AE0 /* Base */ = {isa = PBXFileReference; lastKnownFileType = file.storyboard; name = Base; path = Base.lproj/LaunchScreen.storyboard; sourceTree = "<group>"; };
		2226F2EF1C0B6B9C009B0AE0 /* Info.plist */ = {isa = PBXFileReference; lastKnownFileType = text.plist.xml; path = Info.plist; sourceTree = "<group>"; };
		2226F2F51C0B6D0D009B0AE0 /* SpanglishCVC.swift */ = {isa = PBXFileReference; fileEncoding = 4; lastKnownFileType = sourcecode.swift; path = SpanglishCVC.swift; sourceTree = "<group>"; };
		2226F2F71C0B6E51009B0AE0 /* CoverVC.swift */ = {isa = PBXFileReference; fileEncoding = 4; lastKnownFileType = sourcecode.swift; path = CoverVC.swift; sourceTree = "<group>"; };
		2226F3071C0BBECA009B0AE0 /* PageItemController.swift */ = {isa = PBXFileReference; fileEncoding = 4; lastKnownFileType = sourcecode.swift; path = PageItemController.swift; sourceTree = "<group>"; };
		226073CC1C13C780004BD379 /* Mahiz.mp3 */ = {isa = PBXFileReference; lastKnownFileType = audio.mp3; path = Mahiz.mp3; sourceTree = "<group>"; };
		226073CE1C13C780004BD379 /* Circles.mp3 */ = {isa = PBXFileReference; lastKnownFileType = audio.mp3; path = Circles.mp3; sourceTree = "<group>"; };
		226073CF1C13C780004BD379 /* Chilli.mp3 */ = {isa = PBXFileReference; lastKnownFileType = audio.mp3; path = Chilli.mp3; sourceTree = "<group>"; };
		226073D01C13C780004BD379 /* Triangle.mp3 */ = {isa = PBXFileReference; lastKnownFileType = audio.mp3; path = Triangle.mp3; sourceTree = "<group>"; };
		226073D11C13C780004BD379 /* Tomatl.mp3 */ = {isa = PBXFileReference; lastKnownFileType = audio.mp3; path = Tomatl.mp3; sourceTree = "<group>"; };
		226073D21C13C780004BD379 /* Ahuacatl.mp3 */ = {isa = PBXFileReference; lastKnownFileType = audio.mp3; path = Ahuacatl.mp3; sourceTree = "<group>"; };
		226073D31C13C780004BD379 /* Teardrop.mp3 */ = {isa = PBXFileReference; lastKnownFileType = audio.mp3; path = Teardrop.mp3; sourceTree = "<group>"; };
		226073D41C13C780004BD379 /* Pear.mp3 */ = {isa = PBXFileReference; lastKnownFileType = audio.mp3; path = Pear.mp3; sourceTree = "<group>"; };
		226073D51C13C780004BD379 /* Chia.mp3 */ = {isa = PBXFileReference; lastKnownFileType = audio.mp3; path = Chia.mp3; sourceTree = "<group>"; };
		226073D61C13C780004BD379 /* Seed.mp3 */ = {isa = PBXFileReference; lastKnownFileType = audio.mp3; path = Seed.mp3; sourceTree = "<group>"; };
		226073D71C13C780004BD379 /* Nopalli.mp3 */ = {isa = PBXFileReference; lastKnownFileType = audio.mp3; path = Nopalli.mp3; sourceTree = "<group>"; };
		226073D81C13C780004BD379 /* Asterisk.mp3 */ = {isa = PBXFileReference; lastKnownFileType = audio.mp3; path = Asterisk.mp3; sourceTree = "<group>"; };
		226073D91C13C780004BD379 /* Tamalli.mp3 */ = {isa = PBXFileReference; lastKnownFileType = audio.mp3; path = Tamalli.mp3; sourceTree = "<group>"; };
		226073DA1C13C780004BD379 /* Ribbed.mp3 */ = {isa = PBXFileReference; lastKnownFileType = audio.mp3; path = Ribbed.mp3; sourceTree = "<group>"; };
		226073DB1C13C780004BD379 /* Kernel.mp3 */ = {isa = PBXFileReference; lastKnownFileType = audio.mp3; path = Kernel.mp3; sourceTree = "<group>"; };
		226073DC1C13C780004BD379 /* Mesquite2.mp3 */ = {isa = PBXFileReference; lastKnownFileType = audio.mp3; path = Mesquite2.mp3; sourceTree = "<group>"; };
		226073DD1C13C780004BD379 /* Mesquite.mp3 */ = {isa = PBXFileReference; lastKnownFileType = audio.mp3; path = Mesquite.mp3; sourceTree = "<group>"; };
		226073DE1C13C780004BD379 /* Xocolatl.mp3 */ = {isa = PBXFileReference; lastKnownFileType = audio.mp3; path = Xocolatl.mp3; sourceTree = "<group>"; };
		226073DF1C13C780004BD379 /* Star.mp3 */ = {isa = PBXFileReference; lastKnownFileType = audio.mp3; path = Star.mp3; sourceTree = "<group>"; };
		226073E01C13C780004BD379 /* Cacao.mp3 */ = {isa = PBXFileReference; lastKnownFileType = audio.mp3; path = Cacao.mp3; sourceTree = "<group>"; };
		226073E11C13C780004BD379 /* Bean.mp3 */ = {isa = PBXFileReference; lastKnownFileType = audio.mp3; path = Bean.mp3; sourceTree = "<group>"; };
		226073E21C13C780004BD379 /* Spanglishuatl.mp3 */ = {isa = PBXFileReference; lastKnownFileType = audio.mp3; path = Spanglishuatl.mp3; sourceTree = "<group>"; };
		226073E31C13C780004BD379 /* Blank.mp3 */ = {isa = PBXFileReference; lastKnownFileType = audio.mp3; path = Blank.mp3; sourceTree = "<group>"; };
		229A86111C13817500C8A483 /* myPagesArray.swift */ = {isa = PBXFileReference; fileEncoding = 4; lastKnownFileType = sourcecode.swift; name = myPagesArray.swift; path = ../myPagesArray.swift; sourceTree = "<group>"; };
		22B9371E1C10F6B400F7DD05 /* GalleryItemVC.swift */ = {isa = PBXFileReference; fileEncoding = 4; lastKnownFileType = sourcecode.swift; name = GalleryItemVC.swift; path = ../GalleryItemVC.swift; sourceTree = "<group>"; };
		22BEBE5E1C1542ED004BA652 /* Chian.mp3 */ = {isa = PBXFileReference; lastKnownFileType = audio.mp3; path = Chian.mp3; sourceTree = "<group>"; };
		22BEBE601C1543A8004BA652 /* Reuleaux Triangle.mp3 */ = {isa = PBXFileReference; lastKnownFileType = audio.mp3; path = "Reuleaux Triangle.mp3"; sourceTree = "<group>"; };
		22BEBE621C154D6A004BA652 /* Cord.mp3 */ = {isa = PBXFileReference; lastKnownFileType = audio.mp3; path = Cord.mp3; sourceTree = "<group>"; };
		22BEBE641C154D7E004BA652 /* Ahuacamolli.mp3 */ = {isa = PBXFileReference; lastKnownFileType = audio.mp3; path = Ahuacamolli.mp3; sourceTree = "<group>"; };
/* End PBXFileReference section */

/* Begin PBXFrameworksBuildPhase section */
		2226F2DD1C0B6B9C009B0AE0 /* Frameworks */ = {
			isa = PBXFrameworksBuildPhase;
			buildActionMask = 2147483647;
			files = (
			);
			runOnlyForDeploymentPostprocessing = 0;
		};
/* End PBXFrameworksBuildPhase section */

/* Begin PBXGroup section */
		2226F2D71C0B6B9C009B0AE0 = {
			isa = PBXGroup;
			children = (
				2226F2E21C0B6B9C009B0AE0 /* Spanglishautl App */,
				2226F2E11C0B6B9C009B0AE0 /* Products */,
			);
			sourceTree = "<group>";
		};
		2226F2E11C0B6B9C009B0AE0 /* Products */ = {
			isa = PBXGroup;
			children = (
				2226F2E01C0B6B9C009B0AE0 /* Spanglishautl App.app */,
			);
			name = Products;
			sourceTree = "<group>";
		};
		2226F2E21C0B6B9C009B0AE0 /* Spanglishautl App */ = {
			isa = PBXGroup;
			children = (
				226073FD1C13C795004BD379 /* Audio */,
				229A86111C13817500C8A483 /* myPagesArray.swift */,
				2226F2E31C0B6B9C009B0AE0 /* AppDelegate.swift */,
				22B9371E1C10F6B400F7DD05 /* GalleryItemVC.swift */,
				2226F2E51C0B6B9C009B0AE0 /* ViewController.swift */,
				2226F2E71C0B6B9C009B0AE0 /* Main.storyboard */,
				2226F3071C0BBECA009B0AE0 /* PageItemController.swift */,
				2226F2F71C0B6E51009B0AE0 /* CoverVC.swift */,
				2226F2F51C0B6D0D009B0AE0 /* SpanglishCVC.swift */,
				2226F2EA1C0B6B9C009B0AE0 /* Assets.xcassets */,
				2226F2EC1C0B6B9C009B0AE0 /* LaunchScreen.storyboard */,
				2226F2EF1C0B6B9C009B0AE0 /* Info.plist */,
			);
			path = "Spanglishautl App";
			sourceTree = "<group>";
		};
		226073FD1C13C795004BD379 /* Audio */ = {
			isa = PBXGroup;
			children = (
				22BEBE641C154D7E004BA652 /* Ahuacamolli.mp3 */,
				22BEBE621C154D6A004BA652 /* Cord.mp3 */,
				22BEBE601C1543A8004BA652 /* Reuleaux Triangle.mp3 */,
				22BEBE5E1C1542ED004BA652 /* Chian.mp3 */,
				226073CC1C13C780004BD379 /* Mahiz.mp3 */,
				226073CE1C13C780004BD379 /* Circles.mp3 */,
				226073CF1C13C780004BD379 /* Chilli.mp3 */,
				226073D01C13C780004BD379 /* Triangle.mp3 */,
				226073D11C13C780004BD379 /* Tomatl.mp3 */,
				226073D21C13C780004BD379 /* Ahuacatl.mp3 */,
				226073D31C13C780004BD379 /* Teardrop.mp3 */,
				226073D41C13C780004BD379 /* Pear.mp3 */,
				226073D51C13C780004BD379 /* Chia.mp3 */,
				226073D61C13C780004BD379 /* Seed.mp3 */,
				226073D71C13C780004BD379 /* Nopalli.mp3 */,
				226073D81C13C780004BD379 /* Asterisk.mp3 */,
				226073D91C13C780004BD379 /* Tamalli.mp3 */,
				226073DA1C13C780004BD379 /* Ribbed.mp3 */,
				226073DB1C13C780004BD379 /* Kernel.mp3 */,
				226073DC1C13C780004BD379 /* Mesquite2.mp3 */,
				226073DD1C13C780004BD379 /* Mesquite.mp3 */,
				226073DE1C13C780004BD379 /* Xocolatl.mp3 */,
				226073DF1C13C780004BD379 /* Star.mp3 */,
				226073E01C13C780004BD379 /* Cacao.mp3 */,
				226073E11C13C780004BD379 /* Bean.mp3 */,
				226073E21C13C780004BD379 /* Spanglishuatl.mp3 */,
				226073E31C13C780004BD379 /* Blank.mp3 */,
			);
			name = Audio;
			sourceTree = "<group>";
		};
/* End PBXGroup section */

/* Begin PBXNativeTarget section */
		2226F2DF1C0B6B9C009B0AE0 /* Spanglishautl App */ = {
			isa = PBXNativeTarget;
			buildConfigurationList = 2226F2F21C0B6B9C009B0AE0 /* Build configuration list for PBXNativeTarget "Spanglishautl App" */;
			buildPhases = (
				2226F2DC1C0B6B9C009B0AE0 /* Sources */,
				2226F2DD1C0B6B9C009B0AE0 /* Frameworks */,
				2226F2DE1C0B6B9C009B0AE0 /* Resources */,
			);
			buildRules = (
			);
			dependencies = (
			);
			name = "Spanglishautl App";
			productName = "Spanglishautl App";
			productReference = 2226F2E01C0B6B9C009B0AE0 /* Spanglishautl App.app */;
			productType = "com.apple.product-type.application";
		};
/* End PBXNativeTarget section */

/* Begin PBXProject section */
		2226F2D81C0B6B9C009B0AE0 /* Project object */ = {
			isa = PBXProject;
			attributes = {
				LastSwiftUpdateCheck = 0710;
				LastUpgradeCheck = 0710;
				ORGANIZATIONNAME = "David Gonzalez";
				TargetAttributes = {
					2226F2DF1C0B6B9C009B0AE0 = {
						CreatedOnToolsVersion = 7.1.1;
					};
				};
			};
			buildConfigurationList = 2226F2DB1C0B6B9C009B0AE0 /* Build configuration list for PBXProject "Spanglishautl App" */;
			compatibilityVersion = "Xcode 3.2";
			developmentRegion = English;
			hasScannedForEncodings = 0;
			knownRegions = (
				en,
				Base,
			);
			mainGroup = 2226F2D71C0B6B9C009B0AE0;
			productRefGroup = 2226F2E11C0B6B9C009B0AE0 /* Products */;
			projectDirPath = "";
			projectRoot = "";
			targets = (
				2226F2DF1C0B6B9C009B0AE0 /* Spanglishautl App */,
			);
		};
/* End PBXProject section */

/* Begin PBXResourcesBuildPhase section */
		2226F2DE1C0B6B9C009B0AE0 /* Resources */ = {
			isa = PBXResourcesBuildPhase;
			buildActionMask = 2147483647;
			files = (
				226073EC1C13C780004BD379 /* Pear.mp3 in Resources */,
				226073F31C13C780004BD379 /* Kernel.mp3 in Resources */,
				226073EF1C13C780004BD379 /* Nopalli.mp3 in Resources */,
				226073F51C13C780004BD379 /* Mesquite.mp3 in Resources */,
				22BEBE611C1543A8004BA652 /* Reuleaux Triangle.mp3 in Resources */,
				226073EB1C13C780004BD379 /* Teardrop.mp3 in Resources */,
				2226F2EE1C0B6B9C009B0AE0 /* LaunchScreen.storyboard in Resources */,
				226073FA1C13C780004BD379 /* Spanglishuatl.mp3 in Resources */,
				226073E91C13C780004BD379 /* Tomatl.mp3 in Resources */,
				2226F2EB1C0B6B9C009B0AE0 /* Assets.xcassets in Resources */,
				226073FB1C13C780004BD379 /* Blank.mp3 in Resources */,
				226073F61C13C780004BD379 /* Xocolatl.mp3 in Resources */,
				2226F2E91C0B6B9C009B0AE0 /* Main.storyboard in Resources */,
				22BEBE651C154D7E004BA652 /* Ahuacamolli.mp3 in Resources */,
				226073F81C13C780004BD379 /* Cacao.mp3 in Resources */,
				22BEBE631C154D6A004BA652 /* Cord.mp3 in Resources */,
				226073F21C13C780004BD379 /* Ribbed.mp3 in Resources */,
				226073F11C13C780004BD379 /* Tamalli.mp3 in Resources */,
				226073EE1C13C780004BD379 /* Seed.mp3 in Resources */,
				226073EA1C13C780004BD379 /* Ahuacatl.mp3 in Resources */,
				226073E41C13C780004BD379 /* Mahiz.mp3 in Resources */,
				226073E71C13C780004BD379 /* Chilli.mp3 in Resources */,
				226073F91C13C780004BD379 /* Bean.mp3 in Resources */,
				226073E81C13C780004BD379 /* Triangle.mp3 in Resources */,
				22BEBE5F1C1542ED004BA652 /* Chian.mp3 in Resources */,
				226073ED1C13C780004BD379 /* Chia.mp3 in Resources */,
				226073E61C13C780004BD379 /* Circles.mp3 in Resources */,
				226073F01C13C780004BD379 /* Asterisk.mp3 in Resources */,
				226073F71C13C780004BD379 /* Star.mp3 in Resources */,
				226073F41C13C780004BD379 /* Mesquite2.mp3 in Resources */,
			);
			runOnlyForDeploymentPostprocessing = 0;
		};
/* End PBXResourcesBuildPhase section */

/* Begin PBXSourcesBuildPhase section */
		2226F2DC1C0B6B9C009B0AE0 /* Sources */ = {
			isa = PBXSourcesBuildPhase;
			buildActionMask = 2147483647;
			files = (
				2226F2F81C0B6E51009B0AE0 /* CoverVC.swift in Sources */,
				229A86121C13817500C8A483 /* myPagesArray.swift in Sources */,
				2226F2E61C0B6B9C009B0AE0 /* ViewController.swift in Sources */,
				2226F3081C0BBECA009B0AE0 /* PageItemController.swift in Sources */,
				22B9371F1C10F6B400F7DD05 /* GalleryItemVC.swift in Sources */,
				2226F2F61C0B6D0D009B0AE0 /* SpanglishCVC.swift in Sources */,
				2226F2E41C0B6B9C009B0AE0 /* AppDelegate.swift in Sources */,
			);
			runOnlyForDeploymentPostprocessing = 0;
		};
/* End PBXSourcesBuildPhase section */

/* Begin PBXVariantGroup section */
		2226F2E71C0B6B9C009B0AE0 /* Main.storyboard */ = {
			isa = PBXVariantGroup;
			children = (
				2226F2E81C0B6B9C009B0AE0 /* Base */,
			);
			name = Main.storyboard;
			sourceTree = "<group>";
		};
		2226F2EC1C0B6B9C009B0AE0 /* LaunchScreen.storyboard */ = {
			isa = PBXVariantGroup;
			children = (
				2226F2ED1C0B6B9C009B0AE0 /* Base */,
			);
			name = LaunchScreen.storyboard;
			sourceTree = "<group>";
		};
/* End PBXVariantGroup section */

/* Begin XCBuildConfiguration section */
		2226F2F01C0B6B9C009B0AE0 /* Debug */ = {
			isa = XCBuildConfiguration;
			buildSettings = {
				ALWAYS_SEARCH_USER_PATHS = NO;
				CLANG_CXX_LANGUAGE_STANDARD = "gnu++0x";
				CLANG_CXX_LIBRARY = "libc++";
				CLANG_ENABLE_MODULES = YES;
				CLANG_ENABLE_OBJC_ARC = YES;
				CLANG_WARN_BOOL_CONVERSION = YES;
				CLANG_WARN_CONSTANT_CONVERSION = YES;
				CLANG_WARN_DIRECT_OBJC_ISA_USAGE = YES_ERROR;
				CLANG_WARN_EMPTY_BODY = YES;
				CLANG_WARN_ENUM_CONVERSION = YES;
				CLANG_WARN_INT_CONVERSION = YES;
				CLANG_WARN_OBJC_ROOT_CLASS = YES_ERROR;
				CLANG_WARN_UNREACHABLE_CODE = YES;
				CLANG_WARN__DUPLICATE_METHOD_MATCH = YES;
				"CODE_SIGN_IDENTITY[sdk=iphoneos*]" = "iPhone Developer";
				COPY_PHASE_STRIP = NO;
				DEBUG_INFORMATION_FORMAT = dwarf;
				ENABLE_STRICT_OBJC_MSGSEND = YES;
				ENABLE_TESTABILITY = YES;
				GCC_C_LANGUAGE_STANDARD = gnu99;
				GCC_DYNAMIC_NO_PIC = NO;
				GCC_NO_COMMON_BLOCKS = YES;
				GCC_OPTIMIZATION_LEVEL = 0;
				GCC_PREPROCESSOR_DEFINITIONS = (
					"DEBUG=1",
					"$(inherited)",
				);
				GCC_WARN_64_TO_32_BIT_CONVERSION = YES;
				GCC_WARN_ABOUT_RETURN_TYPE = YES_ERROR;
				GCC_WARN_UNDECLARED_SELECTOR = YES;
				GCC_WARN_UNINITIALIZED_AUTOS = YES_AGGRESSIVE;
				GCC_WARN_UNUSED_FUNCTION = YES;
				GCC_WARN_UNUSED_VARIABLE = YES;
				IPHONEOS_DEPLOYMENT_TARGET = 9.1;
				MTL_ENABLE_DEBUG_INFO = YES;
				ONLY_ACTIVE_ARCH = YES;
				SDKROOT = iphoneos;
				SWIFT_OPTIMIZATION_LEVEL = "-Onone";
				TARGETED_DEVICE_FAMILY = "1,2";
			};
			name = Debug;
		};
		2226F2F11C0B6B9C009B0AE0 /* Release */ = {
			isa = XCBuildConfiguration;
			buildSettings = {
				ALWAYS_SEARCH_USER_PATHS = NO;
				CLANG_CXX_LANGUAGE_STANDARD = "gnu++0x";
				CLANG_CXX_LIBRARY = "libc++";
				CLANG_ENABLE_MODULES = YES;
				CLANG_ENABLE_OBJC_ARC = YES;
				CLANG_WARN_BOOL_CONVERSION = YES;
				CLANG_WARN_CONSTANT_CONVERSION = YES;
				CLANG_WARN_DIRECT_OBJC_ISA_USAGE = YES_ERROR;
				CLANG_WARN_EMPTY_BODY = YES;
				CLANG_WARN_ENUM_CONVERSION = YES;
				CLANG_WARN_INT_CONVERSION = YES;
				CLANG_WARN_OBJC_ROOT_CLASS = YES_ERROR;
				CLANG_WARN_UNREACHABLE_CODE = YES;
				CLANG_WARN__DUPLICATE_METHOD_MATCH = YES;
				"CODE_SIGN_IDENTITY[sdk=iphoneos*]" = "iPhone Developer";
				COPY_PHASE_STRIP = NO;
				DEBUG_INFORMATION_FORMAT = "dwarf-with-dsym";
				ENABLE_NS_ASSERTIONS = NO;
				ENABLE_STRICT_OBJC_MSGSEND = YES;
				GCC_C_LANGUAGE_STANDARD = gnu99;
				GCC_NO_COMMON_BLOCKS = YES;
				GCC_WARN_64_TO_32_BIT_CONVERSION = YES;
				GCC_WARN_ABOUT_RETURN_TYPE = YES_ERROR;
				GCC_WARN_UNDECLARED_SELECTOR = YES;
				GCC_WARN_UNINITIALIZED_AUTOS = YES_AGGRESSIVE;
				GCC_WARN_UNUSED_FUNCTION = YES;
				GCC_WARN_UNUSED_VARIABLE = YES;
				IPHONEOS_DEPLOYMENT_TARGET = 9.1;
				MTL_ENABLE_DEBUG_INFO = NO;
				SDKROOT = iphoneos;
				TARGETED_DEVICE_FAMILY = "1,2";
				VALIDATE_PRODUCT = YES;
			};
			name = Release;
		};
		2226F2F31C0B6B9C009B0AE0 /* Debug */ = {
			isa = XCBuildConfiguration;
			buildSettings = {
				ASSETCATALOG_COMPILER_APPICON_NAME = "AppIcon-2";
				CODE_SIGN_IDENTITY = "iPhone Developer";
				INFOPLIST_FILE = "Spanglishautl App/Info.plist";
				IPHONEOS_DEPLOYMENT_TARGET = 9.1;
				LD_RUNPATH_SEARCH_PATHS = "$(inherited) @executable_path/Frameworks";
				PRODUCT_BUNDLE_IDENTIFIER = "com.producerdavego.Checklists.Spanglishautl-App";
				PRODUCT_NAME = "$(TARGET_NAME)";
			};
			name = Debug;
		};
		2226F2F41C0B6B9C009B0AE0 /* Release */ = {
			isa = XCBuildConfiguration;
			buildSettings = {
				ASSETCATALOG_COMPILER_APPICON_NAME = "AppIcon-2";
				CODE_SIGN_IDENTITY = "iPhone Developer";
				INFOPLIST_FILE = "Spanglishautl App/Info.plist";
				IPHONEOS_DEPLOYMENT_TARGET = 9.1;
				LD_RUNPATH_SEARCH_PATHS = "$(inherited) @executable_path/Frameworks";
				PRODUCT_BUNDLE_IDENTIFIER = "com.producerdavego.Checklists.Spanglishautl-App";
				PRODUCT_NAME = "$(TARGET_NAME)";
			};
			name = Release;
		};
/* End XCBuildConfiguration section */

/* Begin XCConfigurationList section */
		2226F2DB1C0B6B9C009B0AE0 /* Build configuration list for PBXProject "Spanglishautl App" */ = {
			isa = XCConfigurationList;
			buildConfigurations = (
				2226F2F01C0B6B9C009B0AE0 /* Debug */,
				2226F2F11C0B6B9C009B0AE0 /* Release */,
			);
			defaultConfigurationIsVisible = 0;
			defaultConfigurationName = Release;
		};
		2226F2F21C0B6B9C009B0AE0 /* Build configuration list for PBXNativeTarget "Spanglishautl App" */ = {
			isa = XCConfigurationList;
			buildConfigurations = (
				2226F2F31C0B6B9C009B0AE0 /* Debug */,
				2226F2F41C0B6B9C009B0AE0 /* Release */,
			);
			defaultConfigurationIsVisible = 0;
			defaultConfigurationName = Release;
		};
/* End XCConfigurationList section */
	};
	rootObject = 2226F2D81C0B6B9C009B0AE0 /* Project object */;
}
