// !$*UTF8*$!
{
	archiveVersion = 1;
	classes = {
	};
	objectVersion = 46;
	objects = {

/* Begin PBXBuildFile section */
		2226F2E41C0B6B9C009B0AE0 /* AppDelegate.swift in Sources */ = {isa = PBXBuildFile; fileRef = 2226F2E31C0B6B9C009B0AE0 /* AppDelegate.swift */; };
		2226F2E61C0B6B9C009B0AE0 /* ViewController.swift in Sources */ = {isa = PBXBuildFile; fileRef = 2226F2E51C0B6B9C009B0AE0 /* ViewController.swift */; };
		2226F2E91C0B6B9C009B0AE0 /* Main.storyboard in Resources */ = {isa = PBXBuildFile; fileRef = 2226F2E71C0B6B9C009B0AE0 /* Main.storyboard */; };
		2226F2EB1C0B6B9C009B0AE0 /* Assets.xcassets in Resources */ = {isa = PBXBuildFile; fileRef = 2226F2EA1C0B6B9C009B0AE0 /* Assets.xcassets */; };
		2226F2EE1C0B6B9C009B0AE0 /* LaunchScreen.storyboard in Resources */ = {isa = PBXBuildFile; fileRef = 2226F2EC1C0B6B9C009B0AE0 /* LaunchScreen.storyboard */; };
		2226F2F61C0B6D0D009B0AE0 /* SpanglishCVC.swift in Sources */ = {isa = PBXBuildFile; fileRef = 2226F2F51C0B6D0D009B0AE0 /* SpanglishCVC.swift */; };
		2226F2F81C0B6E51009B0AE0 /* CoverVC.swift in Sources */ = {isa = PBXBuildFile; fileRef = 2226F2F71C0B6E51009B0AE0 /* CoverVC.swift */; };
		2226F2FA1C0B6E62009B0AE0 /* VideoVC.swift in Sources */ = {isa = PBXBuildFile; fileRef = 2226F2F91C0B6E62009B0AE0 /* VideoVC.swift */; };
		2226F3081C0BBECA009B0AE0 /* PageItemController.swift in Sources */ = {isa = PBXBuildFile; fileRef = 2226F3071C0BBECA009B0AE0 /* PageItemController.swift */; };
		2226F3461C0BD490009B0AE0 /* zoe car.mov in Resources */ = {isa = PBXBuildFile; fileRef = 2226F3451C0BD490009B0AE0 /* zoe car.mov */; };
		2241B2571C0FC2F700FD899C /* zoecar.mov in Resources */ = {isa = PBXBuildFile; fileRef = 2241B2561C0FC2F700FD899C /* zoecar.mov */; };
		22B9371F1C10F6B400F7DD05 /* GalleryItemVC.swift in Sources */ = {isa = PBXBuildFile; fileRef = 22B9371E1C10F6B400F7DD05 /* GalleryItemVC.swift */; };
/* End PBXBuildFile section */

/* Begin PBXFileReference section */
		221E0AB51C0BDAAE00426FF9 /* Spanglishuatl-Cover.png */ = {isa = PBXFileReference; lastKnownFileType = image.png; path = "Spanglishuatl-Cover.png"; sourceTree = "<group>"; };
		221E0AB61C0BDAAE00426FF9 /* Xocolatl2.png */ = {isa = PBXFileReference; lastKnownFileType = image.png; path = Xocolatl2.png; sourceTree = "<group>"; };
		221E0AB71C0BDAAE00426FF9 /* Xocolatl.png */ = {isa = PBXFileReference; lastKnownFileType = image.png; path = Xocolatl.png; sourceTree = "<group>"; };
		221E0AB81C0BDAAE00426FF9 /* Tomatl2.png */ = {isa = PBXFileReference; lastKnownFileType = image.png; path = Tomatl2.png; sourceTree = "<group>"; };
		221E0AB91C0BDAAE00426FF9 /* Tomatl.png */ = {isa = PBXFileReference; lastKnownFileType = image.png; path = Tomatl.png; sourceTree = "<group>"; };
		221E0ABA1C0BDAAE00426FF9 /* Nopalli2.png */ = {isa = PBXFileReference; lastKnownFileType = image.png; path = Nopalli2.png; sourceTree = "<group>"; };
		221E0ABB1C0BDAAE00426FF9 /* Nopalli.png */ = {isa = PBXFileReference; lastKnownFileType = image.png; path = Nopalli.png; sourceTree = "<group>"; };
		221E0ABC1C0BDAAE00426FF9 /* Mahiz2.png */ = {isa = PBXFileReference; lastKnownFileType = image.png; path = Mahiz2.png; sourceTree = "<group>"; };
		221E0ABD1C0BDAAE00426FF9 /* Mahiz.png */ = {isa = PBXFileReference; lastKnownFileType = image.png; path = Mahiz.png; sourceTree = "<group>"; };
		221E0ABE1C0BDAAE00426FF9 /* Chilli2.png */ = {isa = PBXFileReference; lastKnownFileType = image.png; path = Chilli2.png; sourceTree = "<group>"; };
		221E0ABF1C0BDAAE00426FF9 /* Chilli.png */ = {isa = PBXFileReference; lastKnownFileType = image.png; path = Chilli.png; sourceTree = "<group>"; };
		221E0AC01C0BDAAE00426FF9 /* Chia2.png */ = {isa = PBXFileReference; lastKnownFileType = image.png; path = Chia2.png; sourceTree = "<group>"; };
		221E0AC11C0BDAAE00426FF9 /* Chia.png */ = {isa = PBXFileReference; lastKnownFileType = image.png; path = Chia.png; sourceTree = "<group>"; };
		221E0AC21C0BDAAE00426FF9 /* Cacao2.png */ = {isa = PBXFileReference; lastKnownFileType = image.png; path = Cacao2.png; sourceTree = "<group>"; };
		221E0AC31C0BDAAE00426FF9 /* Cacao.png */ = {isa = PBXFileReference; lastKnownFileType = image.png; path = Cacao.png; sourceTree = "<group>"; };
		221E0AC41C0BDAAE00426FF9 /* Ahuacatl2.png */ = {isa = PBXFileReference; lastKnownFileType = image.png; path = Ahuacatl2.png; sourceTree = "<group>"; };
		221E0AC51C0BDAAE00426FF9 /* Ahuacatl.png */ = {isa = PBXFileReference; lastKnownFileType = image.png; path = Ahuacatl.png; sourceTree = "<group>"; };
		221E0AC61C0BDAAE00426FF9 /* Ahuacamolli2.png */ = {isa = PBXFileReference; lastKnownFileType = image.png; path = Ahuacamolli2.png; sourceTree = "<group>"; };
		221E0AC71C0BDAAE00426FF9 /* Ahuacamolli.png */ = {isa = PBXFileReference; lastKnownFileType = image.png; path = Ahuacamolli.png; sourceTree = "<group>"; };
		2226F2E01C0B6B9C009B0AE0 /* Spanglishautl App.app */ = {isa = PBXFileReference; explicitFileType = wrapper.application; includeInIndex = 0; path = "Spanglishautl App.app"; sourceTree = BUILT_PRODUCTS_DIR; };
		2226F2E31C0B6B9C009B0AE0 /* AppDelegate.swift */ = {isa = PBXFileReference; lastKnownFileType = sourcecode.swift; path = AppDelegate.swift; sourceTree = "<group>"; };
		2226F2E51C0B6B9C009B0AE0 /* ViewController.swift */ = {isa = PBXFileReference; lastKnownFileType = sourcecode.swift; path = ViewController.swift; sourceTree = "<group>"; };
		2226F2E81C0B6B9C009B0AE0 /* Base */ = {isa = PBXFileReference; lastKnownFileType = file.storyboard; name = Base; path = Base.lproj/Main.storyboard; sourceTree = "<group>"; };
		2226F2EA1C0B6B9C009B0AE0 /* Assets.xcassets */ = {isa = PBXFileReference; lastKnownFileType = folder.assetcatalog; path = Assets.xcassets; sourceTree = "<group>"; };
		2226F2ED1C0B6B9C009B0AE0 /* Base */ = {isa = PBXFileReference; lastKnownFileType = file.storyboard; name = Base; path = Base.lproj/LaunchScreen.storyboard; sourceTree = "<group>"; };
		2226F2EF1C0B6B9C009B0AE0 /* Info.plist */ = {isa = PBXFileReference; lastKnownFileType = text.plist.xml; path = Info.plist; sourceTree = "<group>"; };
		2226F2F51C0B6D0D009B0AE0 /* SpanglishCVC.swift */ = {isa = PBXFileReference; fileEncoding = 4; lastKnownFileType = sourcecode.swift; path = SpanglishCVC.swift; sourceTree = "<group>"; };
		2226F2F71C0B6E51009B0AE0 /* CoverVC.swift */ = {isa = PBXFileReference; fileEncoding = 4; lastKnownFileType = sourcecode.swift; path = CoverVC.swift; sourceTree = "<group>"; };
		2226F2F91C0B6E62009B0AE0 /* VideoVC.swift */ = {isa = PBXFileReference; fileEncoding = 4; lastKnownFileType = sourcecode.swift; path = VideoVC.swift; sourceTree = "<group>"; };
		2226F3071C0BBECA009B0AE0 /* PageItemController.swift */ = {isa = PBXFileReference; fileEncoding = 4; lastKnownFileType = sourcecode.swift; path = PageItemController.swift; sourceTree = "<group>"; };
		2226F3451C0BD490009B0AE0 /* zoe car.mov */ = {isa = PBXFileReference; lastKnownFileType = video.quicktime; path = "zoe car.mov"; sourceTree = "<group>"; };
		2241B2561C0FC2F700FD899C /* zoecar.mov */ = {isa = PBXFileReference; lastKnownFileType = video.quicktime; path = zoecar.mov; sourceTree = "<group>"; };
		22B9371E1C10F6B400F7DD05 /* GalleryItemVC.swift */ = {isa = PBXFileReference; fileEncoding = 4; lastKnownFileType = sourcecode.swift; name = GalleryItemVC.swift; path = ../GalleryItemVC.swift; sourceTree = "<group>"; };
/* End PBXFileReference section */

/* Begin PBXFrameworksBuildPhase section */
		2226F2DD1C0B6B9C009B0AE0 /* Frameworks */ = {
			isa = PBXFrameworksBuildPhase;
			buildActionMask = 2147483647;
			files = (
			);
			runOnlyForDeploymentPostprocessing = 0;
		};
/* End PBXFrameworksBuildPhase section */

/* Begin PBXGroup section */
		2226F2D71C0B6B9C009B0AE0 = {
			isa = PBXGroup;
			children = (
				2226F2E21C0B6B9C009B0AE0 /* Spanglishautl App */,
				2226F2E11C0B6B9C009B0AE0 /* Products */,
			);
			sourceTree = "<group>";
		};
		2226F2E11C0B6B9C009B0AE0 /* Products */ = {
			isa = PBXGroup;
			children = (
				2226F2E01C0B6B9C009B0AE0 /* Spanglishautl App.app */,
			);
			name = Products;
			sourceTree = "<group>";
		};
		2226F2E21C0B6B9C009B0AE0 /* Spanglishautl App */ = {
			isa = PBXGroup;
			children = (
				2241B2561C0FC2F700FD899C /* zoecar.mov */,
				2226F3451C0BD490009B0AE0 /* zoe car.mov */,
				2226F3441C0BC510009B0AE0 /* Pages */,
				2226F2E31C0B6B9C009B0AE0 /* AppDelegate.swift */,
				22B9371E1C10F6B400F7DD05 /* GalleryItemVC.swift */,
				2226F2E51C0B6B9C009B0AE0 /* ViewController.swift */,
				2226F2E71C0B6B9C009B0AE0 /* Main.storyboard */,
				2226F3071C0BBECA009B0AE0 /* PageItemController.swift */,
				2226F2F71C0B6E51009B0AE0 /* CoverVC.swift */,
				2226F2F91C0B6E62009B0AE0 /* VideoVC.swift */,
				2226F2F51C0B6D0D009B0AE0 /* SpanglishCVC.swift */,
				2226F2EA1C0B6B9C009B0AE0 /* Assets.xcassets */,
				2226F2EC1C0B6B9C009B0AE0 /* LaunchScreen.storyboard */,
				2226F2EF1C0B6B9C009B0AE0 /* Info.plist */,
			);
			path = "Spanglishautl App";
			sourceTree = "<group>";
		};
		2226F3441C0BC510009B0AE0 /* Pages */ = {
			isa = PBXGroup;
			children = (
				221E0AB51C0BDAAE00426FF9 /* Spanglishuatl-Cover.png */,
				221E0AB61C0BDAAE00426FF9 /* Xocolatl2.png */,
				221E0AB71C0BDAAE00426FF9 /* Xocolatl.png */,
				221E0AB81C0BDAAE00426FF9 /* Tomatl2.png */,
				221E0AB91C0BDAAE00426FF9 /* Tomatl.png */,
				221E0ABA1C0BDAAE00426FF9 /* Nopalli2.png */,
				221E0ABB1C0BDAAE00426FF9 /* Nopalli.png */,
				221E0ABC1C0BDAAE00426FF9 /* Mahiz2.png */,
				221E0ABD1C0BDAAE00426FF9 /* Mahiz.png */,
				221E0ABE1C0BDAAE00426FF9 /* Chilli2.png */,
				221E0ABF1C0BDAAE00426FF9 /* Chilli.png */,
				221E0AC01C0BDAAE00426FF9 /* Chia2.png */,
				221E0AC11C0BDAAE00426FF9 /* Chia.png */,
				221E0AC21C0BDAAE00426FF9 /* Cacao2.png */,
				221E0AC31C0BDAAE00426FF9 /* Cacao.png */,
				221E0AC41C0BDAAE00426FF9 /* Ahuacatl2.png */,
				221E0AC51C0BDAAE00426FF9 /* Ahuacatl.png */,
				221E0AC61C0BDAAE00426FF9 /* Ahuacamolli2.png */,
				221E0AC71C0BDAAE00426FF9 /* Ahuacamolli.png */,
			);
			name = Pages;
			sourceTree = "<group>";
		};
/* End PBXGroup section */

/* Begin PBXNativeTarget section */
		2226F2DF1C0B6B9C009B0AE0 /* Spanglishautl App */ = {
			isa = PBXNativeTarget;
			buildConfigurationList = 2226F2F21C0B6B9C009B0AE0 /* Build configuration list for PBXNativeTarget "Spanglishautl App" */;
			buildPhases = (
				2226F2DC1C0B6B9C009B0AE0 /* Sources */,
				2226F2DD1C0B6B9C009B0AE0 /* Frameworks */,
				2226F2DE1C0B6B9C009B0AE0 /* Resources */,
			);
			buildRules = (
			);
			dependencies = (
			);
			name = "Spanglishautl App";
			productName = "Spanglishautl App";
			productReference = 2226F2E01C0B6B9C009B0AE0 /* Spanglishautl App.app */;
			productType = "com.apple.product-type.application";
		};
/* End PBXNativeTarget section */

/* Begin PBXProject section */
		2226F2D81C0B6B9C009B0AE0 /* Project object */ = {
			isa = PBXProject;
			attributes = {
				LastSwiftUpdateCheck = 0710;
				LastUpgradeCheck = 0710;
				ORGANIZATIONNAME = "David Gonzalez";
				TargetAttributes = {
					2226F2DF1C0B6B9C009B0AE0 = {
						CreatedOnToolsVersion = 7.1.1;
					};
				};
			};
			buildConfigurationList = 2226F2DB1C0B6B9C009B0AE0 /* Build configuration list for PBXProject "Spanglishautl App" */;
			compatibilityVersion = "Xcode 3.2";
			developmentRegion = English;
			hasScannedForEncodings = 0;
			knownRegions = (
				en,
				Base,
			);
			mainGroup = 2226F2D71C0B6B9C009B0AE0;
			productRefGroup = 2226F2E11C0B6B9C009B0AE0 /* Products */;
			projectDirPath = "";
			projectRoot = "";
			targets = (
				2226F2DF1C0B6B9C009B0AE0 /* Spanglishautl App */,
			);
		};
/* End PBXProject section */

/* Begin PBXResourcesBuildPhase section */
		2226F2DE1C0B6B9C009B0AE0 /* Resources */ = {
			isa = PBXResourcesBuildPhase;
			buildActionMask = 2147483647;
			files = (
				2226F2EE1C0B6B9C009B0AE0 /* LaunchScreen.storyboard in Resources */,
				2226F2EB1C0B6B9C009B0AE0 /* Assets.xcassets in Resources */,
				2226F2E91C0B6B9C009B0AE0 /* Main.storyboard in Resources */,
				2226F3461C0BD490009B0AE0 /* zoe car.mov in Resources */,
				2241B2571C0FC2F700FD899C /* zoecar.mov in Resources */,
			);
			runOnlyForDeploymentPostprocessing = 0;
		};
/* End PBXResourcesBuildPhase section */

/* Begin PBXSourcesBuildPhase section */
		2226F2DC1C0B6B9C009B0AE0 /* Sources */ = {
			isa = PBXSourcesBuildPhase;
			buildActionMask = 2147483647;
			files = (
				2226F2FA1C0B6E62009B0AE0 /* VideoVC.swift in Sources */,
				2226F2F81C0B6E51009B0AE0 /* CoverVC.swift in Sources */,
				2226F2E61C0B6B9C009B0AE0 /* ViewController.swift in Sources */,
				2226F3081C0BBECA009B0AE0 /* PageItemController.swift in Sources */,
				22B9371F1C10F6B400F7DD05 /* GalleryItemVC.swift in Sources */,
				2226F2F61C0B6D0D009B0AE0 /* SpanglishCVC.swift in Sources */,
				2226F2E41C0B6B9C009B0AE0 /* AppDelegate.swift in Sources */,
			);
			runOnlyForDeploymentPostprocessing = 0;
		};
/* End PBXSourcesBuildPhase section */

/* Begin PBXVariantGroup section */
		2226F2E71C0B6B9C009B0AE0 /* Main.storyboard */ = {
			isa = PBXVariantGroup;
			children = (
				2226F2E81C0B6B9C009B0AE0 /* Base */,
			);
			name = Main.storyboard;
			sourceTree = "<group>";
		};
		2226F2EC1C0B6B9C009B0AE0 /* LaunchScreen.storyboard */ = {
			isa = PBXVariantGroup;
			children = (
				2226F2ED1C0B6B9C009B0AE0 /* Base */,
			);
			name = LaunchScreen.storyboard;
			sourceTree = "<group>";
		};
/* End PBXVariantGroup section */

/* Begin XCBuildConfiguration section */
		2226F2F01C0B6B9C009B0AE0 /* Debug */ = {
			isa = XCBuildConfiguration;
			buildSettings = {
				ALWAYS_SEARCH_USER_PATHS = NO;
				CLANG_CXX_LANGUAGE_STANDARD = "gnu++0x";
				CLANG_CXX_LIBRARY = "libc++";
				CLANG_ENABLE_MODULES = YES;
				CLANG_ENABLE_OBJC_ARC = YES;
				CLANG_WARN_BOOL_CONVERSION = YES;
				CLANG_WARN_CONSTANT_CONVERSION = YES;
				CLANG_WARN_DIRECT_OBJC_ISA_USAGE = YES_ERROR;
				CLANG_WARN_EMPTY_BODY = YES;
				CLANG_WARN_ENUM_CONVERSION = YES;
				CLANG_WARN_INT_CONVERSION = YES;
				CLANG_WARN_OBJC_ROOT_CLASS = YES_ERROR;
				CLANG_WARN_UNREACHABLE_CODE = YES;
				CLANG_WARN__DUPLICATE_METHOD_MATCH = YES;
				"CODE_SIGN_IDENTITY[sdk=iphoneos*]" = "iPhone Developer";
				COPY_PHASE_STRIP = NO;
				DEBUG_INFORMATION_FORMAT = dwarf;
				ENABLE_STRICT_OBJC_MSGSEND = YES;
				ENABLE_TESTABILITY = YES;
				GCC_C_LANGUAGE_STANDARD = gnu99;
				GCC_DYNAMIC_NO_PIC = NO;
				GCC_NO_COMMON_BLOCKS = YES;
				GCC_OPTIMIZATION_LEVEL = 0;
				GCC_PREPROCESSOR_DEFINITIONS = (
					"DEBUG=1",
					"$(inherited)",
				);
				GCC_WARN_64_TO_32_BIT_CONVERSION = YES;
				GCC_WARN_ABOUT_RETURN_TYPE = YES_ERROR;
				GCC_WARN_UNDECLARED_SELECTOR = YES;
				GCC_WARN_UNINITIALIZED_AUTOS = YES_AGGRESSIVE;
				GCC_WARN_UNUSED_FUNCTION = YES;
				GCC_WARN_UNUSED_VARIABLE = YES;
				IPHONEOS_DEPLOYMENT_TARGET = 9.1;
				MTL_ENABLE_DEBUG_INFO = YES;
				ONLY_ACTIVE_ARCH = YES;
				SDKROOT = iphoneos;
				SWIFT_OPTIMIZATION_LEVEL = "-Onone";
				TARGETED_DEVICE_FAMILY = "1,2";
			};
			name = Debug;
		};
		2226F2F11C0B6B9C009B0AE0 /* Release */ = {
			isa = XCBuildConfiguration;
			buildSettings = {
				ALWAYS_SEARCH_USER_PATHS = NO;
				CLANG_CXX_LANGUAGE_STANDARD = "gnu++0x";
				CLANG_CXX_LIBRARY = "libc++";
				CLANG_ENABLE_MODULES = YES;
				CLANG_ENABLE_OBJC_ARC = YES;
				CLANG_WARN_BOOL_CONVERSION = YES;
				CLANG_WARN_CONSTANT_CONVERSION = YES;
				CLANG_WARN_DIRECT_OBJC_ISA_USAGE = YES_ERROR;
				CLANG_WARN_EMPTY_BODY = YES;
				CLANG_WARN_ENUM_CONVERSION = YES;
				CLANG_WARN_INT_CONVERSION = YES;
				CLANG_WARN_OBJC_ROOT_CLASS = YES_ERROR;
				CLANG_WARN_UNREACHABLE_CODE = YES;
				CLANG_WARN__DUPLICATE_METHOD_MATCH = YES;
				"CODE_SIGN_IDENTITY[sdk=iphoneos*]" = "iPhone Developer";
				COPY_PHASE_STRIP = NO;
				DEBUG_INFORMATION_FORMAT = "dwarf-with-dsym";
				ENABLE_NS_ASSERTIONS = NO;
				ENABLE_STRICT_OBJC_MSGSEND = YES;
				GCC_C_LANGUAGE_STANDARD = gnu99;
				GCC_NO_COMMON_BLOCKS = YES;
				GCC_WARN_64_TO_32_BIT_CONVERSION = YES;
				GCC_WARN_ABOUT_RETURN_TYPE = YES_ERROR;
				GCC_WARN_UNDECLARED_SELECTOR = YES;
				GCC_WARN_UNINITIALIZED_AUTOS = YES_AGGRESSIVE;
				GCC_WARN_UNUSED_FUNCTION = YES;
				GCC_WARN_UNUSED_VARIABLE = YES;
				IPHONEOS_DEPLOYMENT_TARGET = 9.1;
				MTL_ENABLE_DEBUG_INFO = NO;
				SDKROOT = iphoneos;
				TARGETED_DEVICE_FAMILY = "1,2";
				VALIDATE_PRODUCT = YES;
			};
			name = Release;
		};
		2226F2F31C0B6B9C009B0AE0 /* Debug */ = {
			isa = XCBuildConfiguration;
			buildSettings = {
				ASSETCATALOG_COMPILER_APPICON_NAME = "AppIcon-1";
				INFOPLIST_FILE = "Spanglishautl App/Info.plist";
				LD_RUNPATH_SEARCH_PATHS = "$(inherited) @executable_path/Frameworks";
				PRODUCT_BUNDLE_IDENTIFIER = "com.producerdavego.Checklists.Spanglishautl-App";
				PRODUCT_NAME = "$(TARGET_NAME)";
			};
			name = Debug;
		};
		2226F2F41C0B6B9C009B0AE0 /* Release */ = {
			isa = XCBuildConfiguration;
			buildSettings = {
				ASSETCATALOG_COMPILER_APPICON_NAME = "AppIcon-1";
				INFOPLIST_FILE = "Spanglishautl App/Info.plist";
				LD_RUNPATH_SEARCH_PATHS = "$(inherited) @executable_path/Frameworks";
				PRODUCT_BUNDLE_IDENTIFIER = "com.producerdavego.Checklists.Spanglishautl-App";
				PRODUCT_NAME = "$(TARGET_NAME)";
			};
			name = Release;
		};
/* End XCBuildConfiguration section */

/* Begin XCConfigurationList section */
		2226F2DB1C0B6B9C009B0AE0 /* Build configuration list for PBXProject "Spanglishautl App" */ = {
			isa = XCConfigurationList;
			buildConfigurations = (
				2226F2F01C0B6B9C009B0AE0 /* Debug */,
				2226F2F11C0B6B9C009B0AE0 /* Release */,
			);
			defaultConfigurationIsVisible = 0;
			defaultConfigurationName = Release;
		};
		2226F2F21C0B6B9C009B0AE0 /* Build configuration list for PBXNativeTarget "Spanglishautl App" */ = {
			isa = XCConfigurationList;
			buildConfigurations = (
				2226F2F31C0B6B9C009B0AE0 /* Debug */,
				2226F2F41C0B6B9C009B0AE0 /* Release */,
			);
			defaultConfigurationIsVisible = 0;
			defaultConfigurationName = Release;
		};
/* End XCConfigurationList section */
	};
	rootObject = 2226F2D81C0B6B9C009B0AE0 /* Project object */;
}
